
Microsoft Visual Studio Solution File, Format Version 12.00
# Visual Studio Version 17
VisualStudioVersion = 17.2.32630.192
MinimumVisualStudioVersion = 10.0.40219.1
Project("{9A19103F-16F7-4668-BE54-9A1E7A4F7556}") = "DataAccess", "DataAccess\DataAccess.csproj", "{52F5744C-EEAE-4C71-929D-0B55C64507EE}"
EndProject
Project("{9A19103F-16F7-4668-BE54-9A1E7A4F7556}") = "Business", "Business\Business.csproj", "{D75CC639-B95D-4851-BF0B-351A2EC85BC5}"
EndProject
Project("{9A19103F-16F7-4668-BE54-9A1E7A4F7556}") = "Entities", "Entities\Entities.csproj", "{AA079635-99E9-4A67-8620-CCD509960DE0}"
EndProject
Project("{9A19103F-16F7-4668-BE54-9A1E7A4F7556}") = "ConsoleUI", "ConsoleUI\ConsoleUI.csproj", "{B90AF064-6284-494D-AC25-0EB4CB946EED}"
EndProject
Project("{FAE04EC0-301F-11D3-BF4B-00C04F79EFBC}") = "Core", "Core\Core.csproj", "{FAF39C00-1907-4850-88E3-59C426BA9071}"
EndProject
Global
	GlobalSection(SolutionConfigurationPlatforms) = preSolution
		Debug|Any CPU = Debug|Any CPU
		Release|Any CPU = Release|Any CPU
	EndGlobalSection
	GlobalSection(ProjectConfigurationPlatforms) = postSolution
		{52F5744C-EEAE-4C71-929D-0B55C64507EE}.Debug|Any CPU.ActiveCfg = Debug|Any CPU
		{52F5744C-EEAE-4C71-929D-0B55C64507EE}.Debug|Any CPU.Build.0 = Debug|Any CPU
		{52F5744C-EEAE-4C71-929D-0B55C64507EE}.Release|Any CPU.ActiveCfg = Release|Any CPU
		{52F5744C-EEAE-4C71-929D-0B55C64507EE}.Release|Any CPU.Build.0 = Release|Any CPU
		{D75CC639-B95D-4851-BF0B-351A2EC85BC5}.Debug|Any CPU.ActiveCfg = Debug|Any CPU
		{D75CC639-B95D-4851-BF0B-351A2EC85BC5}.Debug|Any CPU.Build.0 = Debug|Any CPU
		{D75CC639-B95D-4851-BF0B-351A2EC85BC5}.Release|Any CPU.ActiveCfg = Release|Any CPU
		{D75CC639-B95D-4851-BF0B-351A2EC85BC5}.Release|Any CPU.Build.0 = Release|Any CPU
		{AA079635-99E9-4A67-8620-CCD509960DE0}.Debug|Any CPU.ActiveCfg = Debug|Any CPU
		{AA079635-99E9-4A67-8620-CCD509960DE0}.Debug|Any CPU.Build.0 = Debug|Any CPU
		{AA079635-99E9-4A67-8620-CCD509960DE0}.Release|Any CPU.ActiveCfg = Release|Any CPU
		{AA079635-99E9-4A67-8620-CCD509960DE0}.Release|Any CPU.Build.0 = Release|Any CPU
		{B90AF064-6284-494D-AC25-0EB4CB946EED}.Debug|Any CPU.ActiveCfg = Debug|Any CPU
		{B90AF064-6284-494D-AC25-0EB4CB946EED}.Debug|Any CPU.Build.0 = Debug|Any CPU
		{B90AF064-6284-494D-AC25-0EB4CB946EED}.Release|Any CPU.ActiveCfg = Release|Any CPU
		{B90AF064-6284-494D-AC25-0EB4CB946EED}.Release|Any CPU.Build.0 = Release|Any CPU
		{FAF39C00-1907-4850-88E3-59C426BA9071}.Debug|Any CPU.ActiveCfg = Debug|Any CPU
		{FAF39C00-1907-4850-88E3-59C426BA9071}.Debug|Any CPU.Build.0 = Debug|Any CPU
		{FAF39C00-1907-4850-88E3-59C426BA9071}.Release|Any CPU.ActiveCfg = Release|Any CPU
		{FAF39C00-1907-4850-88E3-59C426BA9071}.Release|Any CPU.Build.0 = Release|Any CPU
	EndGlobalSection
	GlobalSection(SolutionProperties) = preSolution
		HideSolutionNode = FALSE
	EndGlobalSection
	GlobalSection(ExtensibilityGlobals) = postSolution
		SolutionGuid = {87FF1CC3-28D4-4BDD-B1A8-8F5E813C849A}
	EndGlobalSection
EndGlobal
